
Microsoft Visual Studio Solution File, Format Version 12.00
# Visual Studio Version 17
VisualStudioVersion = 17.3.32929.385
MinimumVisualStudioVersion = 10.0.40219.1
Project("{FAE04EC0-301F-11D3-BF4B-00C04F79EFBC}") = "EF_DB", "EF_DB\EF_DB.csproj", "{960CB760-8680-453C-8D4C-FDC1AC2BCA6E}"
EndProject
Global
	GlobalSection(SolutionConfigurationPlatforms) = preSolution
		Debug|Any CPU = Debug|Any CPU
		Release|Any CPU = Release|Any CPU
	EndGlobalSection
	GlobalSection(ProjectConfigurationPlatforms) = postSolution
		{960CB760-8680-453C-8D4C-FDC1AC2BCA6E}.Debug|Any CPU.ActiveCfg = Debug|Any CPU
		{960CB760-8680-453C-8D4C-FDC1AC2BCA6E}.Debug|Any CPU.Build.0 = Debug|Any CPU
		{960CB760-8680-453C-8D4C-FDC1AC2BCA6E}.Release|Any CPU.ActiveCfg = Release|Any CPU
		{960CB760-8680-453C-8D4C-FDC1AC2BCA6E}.Release|Any CPU.Build.0 = Release|Any CPU
	EndGlobalSection
	GlobalSection(SolutionProperties) = preSolution
		HideSolutionNode = FALSE
	EndGlobalSection
	GlobalSection(ExtensibilityGlobals) = postSolution
		SolutionGuid = {BDB6D944-7926-424A-8CAA-A8662BAA2012}
	EndGlobalSection
EndGlobal
